{
  "object": {
    "pins": [
      {
        "package": "StarCoordinates",
        "repositoryURL": "https://github.com/2bjake/StarCoordinates",
        "state": {
          "branch": "main",
          "revision": "d9d9d632ffdbb8ce0e7d671ffcb0363c960bf354",
          "version": null
        }
      }
    ]
  },
  "version": 1
}
